// !$*UTF8*$!
{
	archiveVersion = 1;
	classes = {
	};
	objectVersion = 56;
	objects = {

/* Begin PBXBuildFile section */
		3E29DCF42AB880F900E47678 /* AppDelegate.swift in Sources */ = {isa = PBXBuildFile; fileRef = 3E29DCF32AB880F900E47678 /* AppDelegate.swift */; };
		3E29DCFD2AB880FA00E47678 /* Assets.xcassets in Resources */ = {isa = PBXBuildFile; fileRef = 3E29DCFC2AB880FA00E47678 /* Assets.xcassets */; };
		3E29DD002AB880FA00E47678 /* LaunchScreen.storyboard in Resources */ = {isa = PBXBuildFile; fileRef = 3E29DCFE2AB880FA00E47678 /* LaunchScreen.storyboard */; };
		3E3A1E502AB8E08400C3A280 /* ManyStateCellsViewController.swift in Sources */ = {isa = PBXBuildFile; fileRef = 3E3A1E4F2AB8E08400C3A280 /* ManyStateCellsViewController.swift */; };
		3E5580542AB8B127000F6BEA /* Trash.swift in Sources */ = {isa = PBXBuildFile; fileRef = 3E5580532AB8B127000F6BEA /* Trash.swift */; };
		3E5580562AB8B143000F6BEA /* RootViewController.swift in Sources */ = {isa = PBXBuildFile; fileRef = 3E5580552AB8B143000F6BEA /* RootViewController.swift */; };
		3E5580582AB8B315000F6BEA /* Method1ViewController.swift in Sources */ = {isa = PBXBuildFile; fileRef = 3E5580572AB8B315000F6BEA /* Method1ViewController.swift */; };
		3E5580602AB8B558000F6BEA /* TogglableTableViewCell.swift in Sources */ = {isa = PBXBuildFile; fileRef = 3E55805E2AB8B558000F6BEA /* TogglableTableViewCell.swift */; };
		3E5580612AB8B558000F6BEA /* TogglableTableViewCell.xib in Resources */ = {isa = PBXBuildFile; fileRef = 3E55805F2AB8B558000F6BEA /* TogglableTableViewCell.xib */; };
		3E5580632AB8B641000F6BEA /* ActionButtonTableViewCell.swift in Sources */ = {isa = PBXBuildFile; fileRef = 3E5580622AB8B641000F6BEA /* ActionButtonTableViewCell.swift */; };
		3E5580652AB8CCBD000F6BEA /* Method3ViewController.swift in Sources */ = {isa = PBXBuildFile; fileRef = 3E5580642AB8CCBD000F6BEA /* Method3ViewController.swift */; };
/* End PBXBuildFile section */

/* Begin PBXFileReference section */
		3E29DCF02AB880F900E47678 /* collection-view-understanding.app */ = {isa = PBXFileReference; explicitFileType = wrapper.application; includeInIndex = 0; path = "collection-view-understanding.app"; sourceTree = BUILT_PRODUCTS_DIR; };
		3E29DCF32AB880F900E47678 /* AppDelegate.swift */ = {isa = PBXFileReference; lastKnownFileType = sourcecode.swift; path = AppDelegate.swift; sourceTree = "<group>"; };
		3E29DCFC2AB880FA00E47678 /* Assets.xcassets */ = {isa = PBXFileReference; lastKnownFileType = folder.assetcatalog; path = Assets.xcassets; sourceTree = "<group>"; };
		3E29DCFF2AB880FA00E47678 /* Base */ = {isa = PBXFileReference; lastKnownFileType = file.storyboard; name = Base; path = Base.lproj/LaunchScreen.storyboard; sourceTree = "<group>"; };
		3E29DD012AB880FA00E47678 /* Info.plist */ = {isa = PBXFileReference; lastKnownFileType = text.plist.xml; path = Info.plist; sourceTree = "<group>"; };
		3E3A1E4F2AB8E08400C3A280 /* ManyStateCellsViewController.swift */ = {isa = PBXFileReference; lastKnownFileType = sourcecode.swift; path = ManyStateCellsViewController.swift; sourceTree = "<group>"; };
		3E5580532AB8B127000F6BEA /* Trash.swift */ = {isa = PBXFileReference; lastKnownFileType = sourcecode.swift; path = Trash.swift; sourceTree = "<group>"; };
		3E5580552AB8B143000F6BEA /* RootViewController.swift */ = {isa = PBXFileReference; lastKnownFileType = sourcecode.swift; path = RootViewController.swift; sourceTree = "<group>"; };
		3E5580572AB8B315000F6BEA /* Method1ViewController.swift */ = {isa = PBXFileReference; lastKnownFileType = sourcecode.swift; path = Method1ViewController.swift; sourceTree = "<group>"; };
		3E55805E2AB8B558000F6BEA /* TogglableTableViewCell.swift */ = {isa = PBXFileReference; lastKnownFileType = sourcecode.swift; path = TogglableTableViewCell.swift; sourceTree = "<group>"; };
		3E55805F2AB8B558000F6BEA /* TogglableTableViewCell.xib */ = {isa = PBXFileReference; lastKnownFileType = file.xib; path = TogglableTableViewCell.xib; sourceTree = "<group>"; };
		3E5580622AB8B641000F6BEA /* ActionButtonTableViewCell.swift */ = {isa = PBXFileReference; lastKnownFileType = sourcecode.swift; path = ActionButtonTableViewCell.swift; sourceTree = "<group>"; };
		3E5580642AB8CCBD000F6BEA /* Method3ViewController.swift */ = {isa = PBXFileReference; lastKnownFileType = sourcecode.swift; path = Method3ViewController.swift; sourceTree = "<group>"; };
/* End PBXFileReference section */

/* Begin PBXFrameworksBuildPhase section */
		3E29DCED2AB880F900E47678 /* Frameworks */ = {
			isa = PBXFrameworksBuildPhase;
			buildActionMask = 2147483647;
			files = (
			);
			runOnlyForDeploymentPostprocessing = 0;
		};
/* End PBXFrameworksBuildPhase section */

/* Begin PBXGroup section */
		3E29DCE72AB880F800E47678 = {
			isa = PBXGroup;
			children = (
				3E29DCF22AB880F900E47678 /* collection-view-understanding */,
				3E29DCF12AB880F900E47678 /* Products */,
			);
			sourceTree = "<group>";
		};
		3E29DCF12AB880F900E47678 /* Products */ = {
			isa = PBXGroup;
			children = (
				3E29DCF02AB880F900E47678 /* collection-view-understanding.app */,
			);
			name = Products;
			sourceTree = "<group>";
		};
		3E29DCF22AB880F900E47678 /* collection-view-understanding */ = {
			isa = PBXGroup;
			children = (
				3E29DCF32AB880F900E47678 /* AppDelegate.swift */,
				3E29DCFC2AB880FA00E47678 /* Assets.xcassets */,
				3E29DCFE2AB880FA00E47678 /* LaunchScreen.storyboard */,
				3E29DD012AB880FA00E47678 /* Info.plist */,
				3E5580532AB8B127000F6BEA /* Trash.swift */,
				3E5580552AB8B143000F6BEA /* RootViewController.swift */,
				3E5580572AB8B315000F6BEA /* Method1ViewController.swift */,
				3E5580642AB8CCBD000F6BEA /* Method3ViewController.swift */,
				3E3A1E4F2AB8E08400C3A280 /* ManyStateCellsViewController.swift */,
				3E55805D2AB8B448000F6BEA /* Cell */,
			);
			path = "collection-view-understanding";
			sourceTree = "<group>";
		};
		3E55805D2AB8B448000F6BEA /* Cell */ = {
			isa = PBXGroup;
			children = (
				3E55805E2AB8B558000F6BEA /* TogglableTableViewCell.swift */,
				3E55805F2AB8B558000F6BEA /* TogglableTableViewCell.xib */,
				3E5580622AB8B641000F6BEA /* ActionButtonTableViewCell.swift */,
			);
			path = Cell;
			sourceTree = "<group>";
		};
/* End PBXGroup section */

/* Begin PBXNativeTarget section */
		3E29DCEF2AB880F900E47678 /* collection-view-understanding */ = {
			isa = PBXNativeTarget;
			buildConfigurationList = 3E29DD042AB880FA00E47678 /* Build configuration list for PBXNativeTarget "collection-view-understanding" */;
			buildPhases = (
				3E29DCEC2AB880F900E47678 /* Sources */,
				3E29DCED2AB880F900E47678 /* Frameworks */,
				3E29DCEE2AB880F900E47678 /* Resources */,
			);
			buildRules = (
			);
			dependencies = (
			);
			name = "collection-view-understanding";
			productName = "collection-view-understanding";
			productReference = 3E29DCF02AB880F900E47678 /* collection-view-understanding.app */;
			productType = "com.apple.product-type.application";
		};
/* End PBXNativeTarget section */

/* Begin PBXProject section */
		3E29DCE82AB880F800E47678 /* Project object */ = {
			isa = PBXProject;
			attributes = {
				BuildIndependentTargetsInParallel = 1;
				LastSwiftUpdateCheck = 1430;
				LastUpgradeCheck = 1430;
				TargetAttributes = {
					3E29DCEF2AB880F900E47678 = {
						CreatedOnToolsVersion = 14.3.1;
					};
				};
			};
			buildConfigurationList = 3E29DCEB2AB880F800E47678 /* Build configuration list for PBXProject "collection-view-understanding" */;
			compatibilityVersion = "Xcode 14.0";
			developmentRegion = en;
			hasScannedForEncodings = 0;
			knownRegions = (
				en,
				Base,
			);
			mainGroup = 3E29DCE72AB880F800E47678;
			productRefGroup = 3E29DCF12AB880F900E47678 /* Products */;
			projectDirPath = "";
			projectRoot = "";
			targets = (
				3E29DCEF2AB880F900E47678 /* collection-view-understanding */,
			);
		};
/* End PBXProject section */

/* Begin PBXResourcesBuildPhase section */
		3E29DCEE2AB880F900E47678 /* Resources */ = {
			isa = PBXResourcesBuildPhase;
			buildActionMask = 2147483647;
			files = (
				3E29DD002AB880FA00E47678 /* LaunchScreen.storyboard in Resources */,
				3E5580612AB8B558000F6BEA /* TogglableTableViewCell.xib in Resources */,
				3E29DCFD2AB880FA00E47678 /* Assets.xcassets in Resources */,
			);
			runOnlyForDeploymentPostprocessing = 0;
		};
/* End PBXResourcesBuildPhase section */

/* Begin PBXSourcesBuildPhase section */
		3E29DCEC2AB880F900E47678 /* Sources */ = {
			isa = PBXSourcesBuildPhase;
			buildActionMask = 2147483647;
			files = (
				3E5580602AB8B558000F6BEA /* TogglableTableViewCell.swift in Sources */,
				3E3A1E502AB8E08400C3A280 /* ManyStateCellsViewController.swift in Sources */,
				3E5580632AB8B641000F6BEA /* ActionButtonTableViewCell.swift in Sources */,
				3E5580542AB8B127000F6BEA /* Trash.swift in Sources */,
				3E5580652AB8CCBD000F6BEA /* Method3ViewController.swift in Sources */,
				3E29DCF42AB880F900E47678 /* AppDelegate.swift in Sources */,
				3E5580562AB8B143000F6BEA /* RootViewController.swift in Sources */,
				3E5580582AB8B315000F6BEA /* Method1ViewController.swift in Sources */,
			);
			runOnlyForDeploymentPostprocessing = 0;
		};
/* End PBXSourcesBuildPhase section */

/* Begin PBXVariantGroup section */
		3E29DCFE2AB880FA00E47678 /* LaunchScreen.storyboard */ = {
			isa = PBXVariantGroup;
			children = (
				3E29DCFF2AB880FA00E47678 /* Base */,
			);
			name = LaunchScreen.storyboard;
			sourceTree = "<group>";
		};
/* End PBXVariantGroup section */

/* Begin XCBuildConfiguration section */
		3E29DD022AB880FA00E47678 /* Debug */ = {
			isa = XCBuildConfiguration;
			buildSettings = {
				ALWAYS_SEARCH_USER_PATHS = NO;
				CLANG_ANALYZER_NONNULL = YES;
				CLANG_ANALYZER_NUMBER_OBJECT_CONVERSION = YES_AGGRESSIVE;
				CLANG_CXX_LANGUAGE_STANDARD = "gnu++20";
				CLANG_ENABLE_MODULES = YES;
				CLANG_ENABLE_OBJC_ARC = YES;
				CLANG_ENABLE_OBJC_WEAK = YES;
				CLANG_WARN_BLOCK_CAPTURE_AUTORELEASING = YES;
				CLANG_WARN_BOOL_CONVERSION = YES;
				CLANG_WARN_COMMA = YES;
				CLANG_WARN_CONSTANT_CONVERSION = YES;
				CLANG_WARN_DEPRECATED_OBJC_IMPLEMENTATIONS = YES;
				CLANG_WARN_DIRECT_OBJC_ISA_USAGE = YES_ERROR;
				CLANG_WARN_DOCUMENTATION_COMMENTS = YES;
				CLANG_WARN_EMPTY_BODY = YES;
				CLANG_WARN_ENUM_CONVERSION = YES;
				CLANG_WARN_INFINITE_RECURSION = YES;
				CLANG_WARN_INT_CONVERSION = YES;
				CLANG_WARN_NON_LITERAL_NULL_CONVERSION = YES;
				CLANG_WARN_OBJC_IMPLICIT_RETAIN_SELF = YES;
				CLANG_WARN_OBJC_LITERAL_CONVERSION = YES;
				CLANG_WARN_OBJC_ROOT_CLASS = YES_ERROR;
				CLANG_WARN_QUOTED_INCLUDE_IN_FRAMEWORK_HEADER = YES;
				CLANG_WARN_RANGE_LOOP_ANALYSIS = YES;
				CLANG_WARN_STRICT_PROTOTYPES = YES;
				CLANG_WARN_SUSPICIOUS_MOVE = YES;
				CLANG_WARN_UNGUARDED_AVAILABILITY = YES_AGGRESSIVE;
				CLANG_WARN_UNREACHABLE_CODE = YES;
				CLANG_WARN__DUPLICATE_METHOD_MATCH = YES;
				COPY_PHASE_STRIP = NO;
				DEBUG_INFORMATION_FORMAT = dwarf;
				ENABLE_STRICT_OBJC_MSGSEND = YES;
				ENABLE_TESTABILITY = YES;
				GCC_C_LANGUAGE_STANDARD = gnu11;
				GCC_DYNAMIC_NO_PIC = NO;
				GCC_NO_COMMON_BLOCKS = YES;
				GCC_OPTIMIZATION_LEVEL = 0;
				GCC_PREPROCESSOR_DEFINITIONS = (
					"DEBUG=1",
					"$(inherited)",
				);
				GCC_WARN_64_TO_32_BIT_CONVERSION = YES;
				GCC_WARN_ABOUT_RETURN_TYPE = YES_ERROR;
				GCC_WARN_UNDECLARED_SELECTOR = YES;
				GCC_WARN_UNINITIALIZED_AUTOS = YES_AGGRESSIVE;
				GCC_WARN_UNUSED_FUNCTION = YES;
				GCC_WARN_UNUSED_VARIABLE = YES;
				IPHONEOS_DEPLOYMENT_TARGET = 16.4;
				MTL_ENABLE_DEBUG_INFO = INCLUDE_SOURCE;
				MTL_FAST_MATH = YES;
				ONLY_ACTIVE_ARCH = YES;
				SDKROOT = iphoneos;
				SWIFT_ACTIVE_COMPILATION_CONDITIONS = DEBUG;
				SWIFT_OPTIMIZATION_LEVEL = "-Onone";
			};
			name = Debug;
		};
		3E29DD032AB880FA00E47678 /* Release */ = {
			isa = XCBuildConfiguration;
			buildSettings = {
				ALWAYS_SEARCH_USER_PATHS = NO;
				CLANG_ANALYZER_NONNULL = YES;
				CLANG_ANALYZER_NUMBER_OBJECT_CONVERSION = YES_AGGRESSIVE;
				CLANG_CXX_LANGUAGE_STANDARD = "gnu++20";
				CLANG_ENABLE_MODULES = YES;
				CLANG_ENABLE_OBJC_ARC = YES;
				CLANG_ENABLE_OBJC_WEAK = YES;
				CLANG_WARN_BLOCK_CAPTURE_AUTORELEASING = YES;
				CLANG_WARN_BOOL_CONVERSION = YES;
				CLANG_WARN_COMMA = YES;
				CLANG_WARN_CONSTANT_CONVERSION = YES;
				CLANG_WARN_DEPRECATED_OBJC_IMPLEMENTATIONS = YES;
				CLANG_WARN_DIRECT_OBJC_ISA_USAGE = YES_ERROR;
				CLANG_WARN_DOCUMENTATION_COMMENTS = YES;
				CLANG_WARN_EMPTY_BODY = YES;
				CLANG_WARN_ENUM_CONVERSION = YES;
				CLANG_WARN_INFINITE_RECURSION = YES;
				CLANG_WARN_INT_CONVERSION = YES;
				CLANG_WARN_NON_LITERAL_NULL_CONVERSION = YES;
				CLANG_WARN_OBJC_IMPLICIT_RETAIN_SELF = YES;
				CLANG_WARN_OBJC_LITERAL_CONVERSION = YES;
				CLANG_WARN_OBJC_ROOT_CLASS = YES_ERROR;
				CLANG_WARN_QUOTED_INCLUDE_IN_FRAMEWORK_HEADER = YES;
				CLANG_WARN_RANGE_LOOP_ANALYSIS = YES;
				CLANG_WARN_STRICT_PROTOTYPES = YES;
				CLANG_WARN_SUSPICIOUS_MOVE = YES;
				CLANG_WARN_UNGUARDED_AVAILABILITY = YES_AGGRESSIVE;
				CLANG_WARN_UNREACHABLE_CODE = YES;
				CLANG_WARN__DUPLICATE_METHOD_MATCH = YES;
				COPY_PHASE_STRIP = NO;
				DEBUG_INFORMATION_FORMAT = "dwarf-with-dsym";
				ENABLE_NS_ASSERTIONS = NO;
				ENABLE_STRICT_OBJC_MSGSEND = YES;
				GCC_C_LANGUAGE_STANDARD = gnu11;
				GCC_NO_COMMON_BLOCKS = YES;
				GCC_WARN_64_TO_32_BIT_CONVERSION = YES;
				GCC_WARN_ABOUT_RETURN_TYPE = YES_ERROR;
				GCC_WARN_UNDECLARED_SELECTOR = YES;
				GCC_WARN_UNINITIALIZED_AUTOS = YES_AGGRESSIVE;
				GCC_WARN_UNUSED_FUNCTION = YES;
				GCC_WARN_UNUSED_VARIABLE = YES;
				IPHONEOS_DEPLOYMENT_TARGET = 16.4;
				MTL_ENABLE_DEBUG_INFO = NO;
				MTL_FAST_MATH = YES;
				SDKROOT = iphoneos;
				SWIFT_COMPILATION_MODE = wholemodule;
				SWIFT_OPTIMIZATION_LEVEL = "-O";
				VALIDATE_PRODUCT = YES;
			};
			name = Release;
		};
		3E29DD052AB880FA00E47678 /* Debug */ = {
			isa = XCBuildConfiguration;
			buildSettings = {
				ASSETCATALOG_COMPILER_APPICON_NAME = AppIcon;
				ASSETCATALOG_COMPILER_GLOBAL_ACCENT_COLOR_NAME = AccentColor;
				CODE_SIGN_STYLE = Automatic;
				CURRENT_PROJECT_VERSION = 1;
				DEVELOPMENT_TEAM = R24W57U338;
				GENERATE_INFOPLIST_FILE = YES;
				INFOPLIST_FILE = "collection-view-understanding/Info.plist";
				INFOPLIST_KEY_UIApplicationSupportsIndirectInputEvents = YES;
				INFOPLIST_KEY_UILaunchStoryboardName = LaunchScreen;
				INFOPLIST_KEY_UIMainStoryboardFile = "";
				INFOPLIST_KEY_UISupportedInterfaceOrientations_iPad = "UIInterfaceOrientationPortrait UIInterfaceOrientationPortraitUpsideDown UIInterfaceOrientationLandscapeLeft UIInterfaceOrientationLandscapeRight";
				INFOPLIST_KEY_UISupportedInterfaceOrientations_iPhone = "UIInterfaceOrientationPortrait UIInterfaceOrientationLandscapeLeft UIInterfaceOrientationLandscapeRight";
				LD_RUNPATH_SEARCH_PATHS = (
					"$(inherited)",
					"@executable_path/Frameworks",
				);
				MARKETING_VERSION = 1.0;
				PRODUCT_BUNDLE_IDENTIFIER = "Jeytery.design-tests.collection-view-understanding";
				PRODUCT_NAME = "$(TARGET_NAME)";
				SWIFT_EMIT_LOC_STRINGS = YES;
				SWIFT_VERSION = 5.0;
				TARGETED_DEVICE_FAMILY = "1,2";
			};
			name = Debug;
		};
		3E29DD062AB880FA00E47678 /* Release */ = {
			isa = XCBuildConfiguration;
			buildSettings = {
				ASSETCATALOG_COMPILER_APPICON_NAME = AppIcon;
				ASSETCATALOG_COMPILER_GLOBAL_ACCENT_COLOR_NAME = AccentColor;
				CODE_SIGN_STYLE = Automatic;
				CURRENT_PROJECT_VERSION = 1;
				DEVELOPMENT_TEAM = R24W57U338;
				GENERATE_INFOPLIST_FILE = YES;
				INFOPLIST_FILE = "collection-view-understanding/Info.plist";
				INFOPLIST_KEY_UIApplicationSupportsIndirectInputEvents = YES;
				INFOPLIST_KEY_UILaunchStoryboardName = LaunchScreen;
				INFOPLIST_KEY_UIMainStoryboardFile = "";
				INFOPLIST_KEY_UISupportedInterfaceOrientations_iPad = "UIInterfaceOrientationPortrait UIInterfaceOrientationPortraitUpsideDown UIInterfaceOrientationLandscapeLeft UIInterfaceOrientationLandscapeRight";
				INFOPLIST_KEY_UISupportedInterfaceOrientations_iPhone = "UIInterfaceOrientationPortrait UIInterfaceOrientationLandscapeLeft UIInterfaceOrientationLandscapeRight";
				LD_RUNPATH_SEARCH_PATHS = (
					"$(inherited)",
					"@executable_path/Frameworks",
				);
				MARKETING_VERSION = 1.0;
				PRODUCT_BUNDLE_IDENTIFIER = "Jeytery.design-tests.collection-view-understanding";
				PRODUCT_NAME = "$(TARGET_NAME)";
				SWIFT_EMIT_LOC_STRINGS = YES;
				SWIFT_VERSION = 5.0;
				TARGETED_DEVICE_FAMILY = "1,2";
			};
			name = Release;
		};
/* End XCBuildConfiguration section */

/* Begin XCConfigurationList section */
		3E29DCEB2AB880F800E47678 /* Build configuration list for PBXProject "collection-view-understanding" */ = {
			isa = XCConfigurationList;
			buildConfigurations = (
				3E29DD022AB880FA00E47678 /* Debug */,
				3E29DD032AB880FA00E47678 /* Release */,
			);
			defaultConfigurationIsVisible = 0;
			defaultConfigurationName = Release;
		};
		3E29DD042AB880FA00E47678 /* Build configuration list for PBXNativeTarget "collection-view-understanding" */ = {
			isa = XCConfigurationList;
			buildConfigurations = (
				3E29DD052AB880FA00E47678 /* Debug */,
				3E29DD062AB880FA00E47678 /* Release */,
			);
			defaultConfigurationIsVisible = 0;
			defaultConfigurationName = Release;
		};
/* End XCConfigurationList section */
	};
	rootObject = 3E29DCE82AB880F800E47678 /* Project object */;
}
